// !$*UTF8*$!
{
	archiveVersion = 1;
	classes = {
	};
	objectVersion = 56;
	objects = {

/* Begin PBXBuildFile section */
		4860C9712A4FC461006F71EE /* AppDelegate.swift in Sources */ = {isa = PBXBuildFile; fileRef = 4860C9702A4FC461006F71EE /* AppDelegate.swift */; };
		4860C9732A4FC461006F71EE /* SceneDelegate.swift in Sources */ = {isa = PBXBuildFile; fileRef = 4860C9722A4FC461006F71EE /* SceneDelegate.swift */; };
		4860C9752A4FC461006F71EE /* ViewController.swift in Sources */ = {isa = PBXBuildFile; fileRef = 4860C9742A4FC461006F71EE /* ViewController.swift */; };
		4860C9782A4FC461006F71EE /* Main.storyboard in Resources */ = {isa = PBXBuildFile; fileRef = 4860C9762A4FC461006F71EE /* Main.storyboard */; };
		4860C97A2A4FC463006F71EE /* Assets.xcassets in Resources */ = {isa = PBXBuildFile; fileRef = 4860C9792A4FC463006F71EE /* Assets.xcassets */; };
		4860C97D2A4FC463006F71EE /* LaunchScreen.storyboard in Resources */ = {isa = PBXBuildFile; fileRef = 4860C97B2A4FC463006F71EE /* LaunchScreen.storyboard */; };
		4860C9852A4FC4AC006F71EE /* ConnectVC.swift in Sources */ = {isa = PBXBuildFile; fileRef = 4860C9842A4FC4AC006F71EE /* ConnectVC.swift */; };
		4860C9882A4FC4CB006F71EE /* CoreBluetooth.framework in Frameworks */ = {isa = PBXBuildFile; fileRef = 4860C9872A4FC4CB006F71EE /* CoreBluetooth.framework */; };
		4860C98A2A4FEF8B006F71EE /* BrevilleManager.swift in Sources */ = {isa = PBXBuildFile; fileRef = 4860C9892A4FEF8B006F71EE /* BrevilleManager.swift */; };
/* End PBXBuildFile section */

/* Begin PBXFileReference section */
		4860C96D2A4FC461006F71EE /* ARD Blue Test.app */ = {isa = PBXFileReference; explicitFileType = wrapper.application; includeInIndex = 0; path = "ARD Blue Test.app"; sourceTree = BUILT_PRODUCTS_DIR; };
		4860C9702A4FC461006F71EE /* AppDelegate.swift */ = {isa = PBXFileReference; lastKnownFileType = sourcecode.swift; path = AppDelegate.swift; sourceTree = "<group>"; };
		4860C9722A4FC461006F71EE /* SceneDelegate.swift */ = {isa = PBXFileReference; lastKnownFileType = sourcecode.swift; path = SceneDelegate.swift; sourceTree = "<group>"; };
		4860C9742A4FC461006F71EE /* ViewController.swift */ = {isa = PBXFileReference; lastKnownFileType = sourcecode.swift; path = ViewController.swift; sourceTree = "<group>"; };
		4860C9772A4FC461006F71EE /* Base */ = {isa = PBXFileReference; lastKnownFileType = file.storyboard; name = Base; path = Base.lproj/Main.storyboard; sourceTree = "<group>"; };
		4860C9792A4FC463006F71EE /* Assets.xcassets */ = {isa = PBXFileReference; lastKnownFileType = folder.assetcatalog; path = Assets.xcassets; sourceTree = "<group>"; };
		4860C97C2A4FC463006F71EE /* Base */ = {isa = PBXFileReference; lastKnownFileType = file.storyboard; name = Base; path = Base.lproj/LaunchScreen.storyboard; sourceTree = "<group>"; };
		4860C97E2A4FC463006F71EE /* Info.plist */ = {isa = PBXFileReference; lastKnownFileType = text.plist.xml; path = Info.plist; sourceTree = "<group>"; };
		4860C9842A4FC4AC006F71EE /* ConnectVC.swift */ = {isa = PBXFileReference; lastKnownFileType = sourcecode.swift; path = ConnectVC.swift; sourceTree = "<group>"; };
		4860C9872A4FC4CB006F71EE /* CoreBluetooth.framework */ = {isa = PBXFileReference; lastKnownFileType = wrapper.framework; name = CoreBluetooth.framework; path = System/Library/Frameworks/CoreBluetooth.framework; sourceTree = SDKROOT; };
		4860C9892A4FEF8B006F71EE /* BrevilleManager.swift */ = {isa = PBXFileReference; lastKnownFileType = sourcecode.swift; path = BrevilleManager.swift; sourceTree = "<group>"; };
/* End PBXFileReference section */

/* Begin PBXFrameworksBuildPhase section */
		4860C96A2A4FC461006F71EE /* Frameworks */ = {
			isa = PBXFrameworksBuildPhase;
			buildActionMask = 2147483647;
			files = (
				4860C9882A4FC4CB006F71EE /* CoreBluetooth.framework in Frameworks */,
			);
			runOnlyForDeploymentPostprocessing = 0;
		};
/* End PBXFrameworksBuildPhase section */

/* Begin PBXGroup section */
		4860C9642A4FC461006F71EE = {
			isa = PBXGroup;
			children = (
				4860C96F2A4FC461006F71EE /* ARD Blue Test */,
				4860C96E2A4FC461006F71EE /* Products */,
				4860C9862A4FC4CB006F71EE /* Frameworks */,
			);
			sourceTree = "<group>";
		};
		4860C96E2A4FC461006F71EE /* Products */ = {
			isa = PBXGroup;
			children = (
				4860C96D2A4FC461006F71EE /* ARD Blue Test.app */,
			);
			name = Products;
			sourceTree = "<group>";
		};
		4860C96F2A4FC461006F71EE /* ARD Blue Test */ = {
			isa = PBXGroup;
			children = (
				4860C9702A4FC461006F71EE /* AppDelegate.swift */,
				4860C9722A4FC461006F71EE /* SceneDelegate.swift */,
				4860C9742A4FC461006F71EE /* ViewController.swift */,
				4860C9842A4FC4AC006F71EE /* ConnectVC.swift */,
				4860C9892A4FEF8B006F71EE /* BrevilleManager.swift */,
				4860C9762A4FC461006F71EE /* Main.storyboard */,
				4860C9792A4FC463006F71EE /* Assets.xcassets */,
				4860C97B2A4FC463006F71EE /* LaunchScreen.storyboard */,
				4860C97E2A4FC463006F71EE /* Info.plist */,
			);
			path = "ARD Blue Test";
			sourceTree = "<group>";
		};
		4860C9862A4FC4CB006F71EE /* Frameworks */ = {
			isa = PBXGroup;
			children = (
				4860C9872A4FC4CB006F71EE /* CoreBluetooth.framework */,
			);
			name = Frameworks;
			sourceTree = "<group>";
		};
/* End PBXGroup section */

/* Begin PBXNativeTarget section */
		4860C96C2A4FC461006F71EE /* ARD Blue Test */ = {
			isa = PBXNativeTarget;
			buildConfigurationList = 4860C9812A4FC463006F71EE /* Build configuration list for PBXNativeTarget "ARD Blue Test" */;
			buildPhases = (
				4860C9692A4FC461006F71EE /* Sources */,
				4860C96A2A4FC461006F71EE /* Frameworks */,
				4860C96B2A4FC461006F71EE /* Resources */,
			);
			buildRules = (
			);
			dependencies = (
			);
			name = "ARD Blue Test";
			productName = "ARD Blue Test";
			productReference = 4860C96D2A4FC461006F71EE /* ARD Blue Test.app */;
			productType = "com.apple.product-type.application";
		};
/* End PBXNativeTarget section */

/* Begin PBXProject section */
		4860C9652A4FC461006F71EE /* Project object */ = {
			isa = PBXProject;
			attributes = {
				BuildIndependentTargetsInParallel = 1;
				LastSwiftUpdateCheck = 1430;
				LastUpgradeCheck = 1430;
				TargetAttributes = {
					4860C96C2A4FC461006F71EE = {
						CreatedOnToolsVersion = 14.3.1;
					};
				};
			};
			buildConfigurationList = 4860C9682A4FC461006F71EE /* Build configuration list for PBXProject "ARD Blue Test" */;
			compatibilityVersion = "Xcode 14.0";
			developmentRegion = en;
			hasScannedForEncodings = 0;
			knownRegions = (
				en,
				Base,
			);
			mainGroup = 4860C9642A4FC461006F71EE;
			productRefGroup = 4860C96E2A4FC461006F71EE /* Products */;
			projectDirPath = "";
			projectRoot = "";
			targets = (
				4860C96C2A4FC461006F71EE /* ARD Blue Test */,
			);
		};
/* End PBXProject section */

/* Begin PBXResourcesBuildPhase section */
		4860C96B2A4FC461006F71EE /* Resources */ = {
			isa = PBXResourcesBuildPhase;
			buildActionMask = 2147483647;
			files = (
				4860C97D2A4FC463006F71EE /* LaunchScreen.storyboard in Resources */,
				4860C97A2A4FC463006F71EE /* Assets.xcassets in Resources */,
				4860C9782A4FC461006F71EE /* Main.storyboard in Resources */,
			);
			runOnlyForDeploymentPostprocessing = 0;
		};
/* End PBXResourcesBuildPhase section */

/* Begin PBXSourcesBuildPhase section */
		4860C9692A4FC461006F71EE /* Sources */ = {
			isa = PBXSourcesBuildPhase;
			buildActionMask = 2147483647;
			files = (
				4860C9752A4FC461006F71EE /* ViewController.swift in Sources */,
				4860C9852A4FC4AC006F71EE /* ConnectVC.swift in Sources */,
				4860C98A2A4FEF8B006F71EE /* BrevilleManager.swift in Sources */,
				4860C9712A4FC461006F71EE /* AppDelegate.swift in Sources */,
				4860C9732A4FC461006F71EE /* SceneDelegate.swift in Sources */,
			);
			runOnlyForDeploymentPostprocessing = 0;
		};
/* End PBXSourcesBuildPhase section */

/* Begin PBXVariantGroup section */
		4860C9762A4FC461006F71EE /* Main.storyboard */ = {
			isa = PBXVariantGroup;
			children = (
				4860C9772A4FC461006F71EE /* Base */,
			);
			name = Main.storyboard;
			sourceTree = "<group>";
		};
		4860C97B2A4FC463006F71EE /* LaunchScreen.storyboard */ = {
			isa = PBXVariantGroup;
			children = (
				4860C97C2A4FC463006F71EE /* Base */,
			);
			name = LaunchScreen.storyboard;
			sourceTree = "<group>";
		};
/* End PBXVariantGroup section */

/* Begin XCBuildConfiguration section */
		4860C97F2A4FC463006F71EE /* Debug */ = {
			isa = XCBuildConfiguration;
			buildSettings = {
				ALWAYS_SEARCH_USER_PATHS = NO;
				CLANG_ANALYZER_NONNULL = YES;
				CLANG_ANALYZER_NUMBER_OBJECT_CONVERSION = YES_AGGRESSIVE;
				CLANG_CXX_LANGUAGE_STANDARD = "gnu++20";
				CLANG_ENABLE_MODULES = YES;
				CLANG_ENABLE_OBJC_ARC = YES;
				CLANG_ENABLE_OBJC_WEAK = YES;
				CLANG_WARN_BLOCK_CAPTURE_AUTORELEASING = YES;
				CLANG_WARN_BOOL_CONVERSION = YES;
				CLANG_WARN_COMMA = YES;
				CLANG_WARN_CONSTANT_CONVERSION = YES;
				CLANG_WARN_DEPRECATED_OBJC_IMPLEMENTATIONS = YES;
				CLANG_WARN_DIRECT_OBJC_ISA_USAGE = YES_ERROR;
				CLANG_WARN_DOCUMENTATION_COMMENTS = YES;
				CLANG_WARN_EMPTY_BODY = YES;
				CLANG_WARN_ENUM_CONVERSION = YES;
				CLANG_WARN_INFINITE_RECURSION = YES;
				CLANG_WARN_INT_CONVERSION = YES;
				CLANG_WARN_NON_LITERAL_NULL_CONVERSION = YES;
				CLANG_WARN_OBJC_IMPLICIT_RETAIN_SELF = YES;
				CLANG_WARN_OBJC_LITERAL_CONVERSION = YES;
				CLANG_WARN_OBJC_ROOT_CLASS = YES_ERROR;
				CLANG_WARN_QUOTED_INCLUDE_IN_FRAMEWORK_HEADER = YES;
				CLANG_WARN_RANGE_LOOP_ANALYSIS = YES;
				CLANG_WARN_STRICT_PROTOTYPES = YES;
				CLANG_WARN_SUSPICIOUS_MOVE = YES;
				CLANG_WARN_UNGUARDED_AVAILABILITY = YES_AGGRESSIVE;
				CLANG_WARN_UNREACHABLE_CODE = YES;
				CLANG_WARN__DUPLICATE_METHOD_MATCH = YES;
				COPY_PHASE_STRIP = NO;
				DEBUG_INFORMATION_FORMAT = dwarf;
				ENABLE_STRICT_OBJC_MSGSEND = YES;
				ENABLE_TESTABILITY = YES;
				GCC_C_LANGUAGE_STANDARD = gnu11;
				GCC_DYNAMIC_NO_PIC = NO;
				GCC_NO_COMMON_BLOCKS = YES;
				GCC_OPTIMIZATION_LEVEL = 0;
				GCC_PREPROCESSOR_DEFINITIONS = (
					"DEBUG=1",
					"$(inherited)",
				);
				GCC_WARN_64_TO_32_BIT_CONVERSION = YES;
				GCC_WARN_ABOUT_RETURN_TYPE = YES_ERROR;
				GCC_WARN_UNDECLARED_SELECTOR = YES;
				GCC_WARN_UNINITIALIZED_AUTOS = YES_AGGRESSIVE;
				GCC_WARN_UNUSED_FUNCTION = YES;
				GCC_WARN_UNUSED_VARIABLE = YES;
				IPHONEOS_DEPLOYMENT_TARGET = 16.4;
				MTL_ENABLE_DEBUG_INFO = INCLUDE_SOURCE;
				MTL_FAST_MATH = YES;
				ONLY_ACTIVE_ARCH = YES;
				SDKROOT = iphoneos;
				SWIFT_ACTIVE_COMPILATION_CONDITIONS = DEBUG;
				SWIFT_OPTIMIZATION_LEVEL = "-Onone";
			};
			name = Debug;
		};
		4860C9802A4FC463006F71EE /* Release */ = {
			isa = XCBuildConfiguration;
			buildSettings = {
				ALWAYS_SEARCH_USER_PATHS = NO;
				CLANG_ANALYZER_NONNULL = YES;
				CLANG_ANALYZER_NUMBER_OBJECT_CONVERSION = YES_AGGRESSIVE;
				CLANG_CXX_LANGUAGE_STANDARD = "gnu++20";
				CLANG_ENABLE_MODULES = YES;
				CLANG_ENABLE_OBJC_ARC = YES;
				CLANG_ENABLE_OBJC_WEAK = YES;
				CLANG_WARN_BLOCK_CAPTURE_AUTORELEASING = YES;
				CLANG_WARN_BOOL_CONVERSION = YES;
				CLANG_WARN_COMMA = YES;
				CLANG_WARN_CONSTANT_CONVERSION = YES;
				CLANG_WARN_DEPRECATED_OBJC_IMPLEMENTATIONS = YES;
				CLANG_WARN_DIRECT_OBJC_ISA_USAGE = YES_ERROR;
				CLANG_WARN_DOCUMENTATION_COMMENTS = YES;
				CLANG_WARN_EMPTY_BODY = YES;
				CLANG_WARN_ENUM_CONVERSION = YES;
				CLANG_WARN_INFINITE_RECURSION = YES;
				CLANG_WARN_INT_CONVERSION = YES;
				CLANG_WARN_NON_LITERAL_NULL_CONVERSION = YES;
				CLANG_WARN_OBJC_IMPLICIT_RETAIN_SELF = YES;
				CLANG_WARN_OBJC_LITERAL_CONVERSION = YES;
				CLANG_WARN_OBJC_ROOT_CLASS = YES_ERROR;
				CLANG_WARN_QUOTED_INCLUDE_IN_FRAMEWORK_HEADER = YES;
				CLANG_WARN_RANGE_LOOP_ANALYSIS = YES;
				CLANG_WARN_STRICT_PROTOTYPES = YES;
				CLANG_WARN_SUSPICIOUS_MOVE = YES;
				CLANG_WARN_UNGUARDED_AVAILABILITY = YES_AGGRESSIVE;
				CLANG_WARN_UNREACHABLE_CODE = YES;
				CLANG_WARN__DUPLICATE_METHOD_MATCH = YES;
				COPY_PHASE_STRIP = NO;
				DEBUG_INFORMATION_FORMAT = "dwarf-with-dsym";
				ENABLE_NS_ASSERTIONS = NO;
				ENABLE_STRICT_OBJC_MSGSEND = YES;
				GCC_C_LANGUAGE_STANDARD = gnu11;
				GCC_NO_COMMON_BLOCKS = YES;
				GCC_WARN_64_TO_32_BIT_CONVERSION = YES;
				GCC_WARN_ABOUT_RETURN_TYPE = YES_ERROR;
				GCC_WARN_UNDECLARED_SELECTOR = YES;
				GCC_WARN_UNINITIALIZED_AUTOS = YES_AGGRESSIVE;
				GCC_WARN_UNUSED_FUNCTION = YES;
				GCC_WARN_UNUSED_VARIABLE = YES;
				IPHONEOS_DEPLOYMENT_TARGET = 16.4;
				MTL_ENABLE_DEBUG_INFO = NO;
				MTL_FAST_MATH = YES;
				SDKROOT = iphoneos;
				SWIFT_COMPILATION_MODE = wholemodule;
				SWIFT_OPTIMIZATION_LEVEL = "-O";
				VALIDATE_PRODUCT = YES;
			};
			name = Release;
		};
		4860C9822A4FC463006F71EE /* Debug */ = {
			isa = XCBuildConfiguration;
			buildSettings = {
				ASSETCATALOG_COMPILER_APPICON_NAME = AppIcon;
				ASSETCATALOG_COMPILER_GLOBAL_ACCENT_COLOR_NAME = AccentColor;
				CODE_SIGN_STYLE = Automatic;
				CURRENT_PROJECT_VERSION = 1;
				DEVELOPMENT_TEAM = 6YNL53RS57;
				GENERATE_INFOPLIST_FILE = YES;
				INFOPLIST_FILE = "ARD Blue Test/Info.plist";
				INFOPLIST_KEY_UIApplicationSupportsIndirectInputEvents = YES;
				INFOPLIST_KEY_UILaunchStoryboardName = LaunchScreen;
				INFOPLIST_KEY_UIMainStoryboardFile = Main;
				INFOPLIST_KEY_UISupportedInterfaceOrientations_iPad = "UIInterfaceOrientationPortrait UIInterfaceOrientationPortraitUpsideDown UIInterfaceOrientationLandscapeLeft UIInterfaceOrientationLandscapeRight";
				INFOPLIST_KEY_UISupportedInterfaceOrientations_iPhone = "UIInterfaceOrientationPortrait UIInterfaceOrientationLandscapeLeft UIInterfaceOrientationLandscapeRight";
				LD_RUNPATH_SEARCH_PATHS = (
					"$(inherited)",
					"@executable_path/Frameworks",
				);
				MARKETING_VERSION = 1.0;
				PRODUCT_BUNDLE_IDENTIFIER = "CasualRei-.ARD-Blue-Test";
				PRODUCT_NAME = "$(TARGET_NAME)";
				SWIFT_EMIT_LOC_STRINGS = YES;
				SWIFT_VERSION = 5.0;
				TARGETED_DEVICE_FAMILY = "1,2";
			};
			name = Debug;
		};
		4860C9832A4FC463006F71EE /* Release */ = {
			isa = XCBuildConfiguration;
			buildSettings = {
				ASSETCATALOG_COMPILER_APPICON_NAME = AppIcon;
				ASSETCATALOG_COMPILER_GLOBAL_ACCENT_COLOR_NAME = AccentColor;
				CODE_SIGN_STYLE = Automatic;
				CURRENT_PROJECT_VERSION = 1;
				DEVELOPMENT_TEAM = 6YNL53RS57;
				GENERATE_INFOPLIST_FILE = YES;
				INFOPLIST_FILE = "ARD Blue Test/Info.plist";
				INFOPLIST_KEY_UIApplicationSupportsIndirectInputEvents = YES;
				INFOPLIST_KEY_UILaunchStoryboardName = LaunchScreen;
				INFOPLIST_KEY_UIMainStoryboardFile = Main;
				INFOPLIST_KEY_UISupportedInterfaceOrientations_iPad = "UIInterfaceOrientationPortrait UIInterfaceOrientationPortraitUpsideDown UIInterfaceOrientationLandscapeLeft UIInterfaceOrientationLandscapeRight";
				INFOPLIST_KEY_UISupportedInterfaceOrientations_iPhone = "UIInterfaceOrientationPortrait UIInterfaceOrientationLandscapeLeft UIInterfaceOrientationLandscapeRight";
				LD_RUNPATH_SEARCH_PATHS = (
					"$(inherited)",
					"@executable_path/Frameworks",
				);
				MARKETING_VERSION = 1.0;
				PRODUCT_BUNDLE_IDENTIFIER = "CasualRei-.ARD-Blue-Test";
				PRODUCT_NAME = "$(TARGET_NAME)";
				SWIFT_EMIT_LOC_STRINGS = YES;
				SWIFT_VERSION = 5.0;
				TARGETED_DEVICE_FAMILY = "1,2";
			};
			name = Release;
		};
/* End XCBuildConfiguration section */

/* Begin XCConfigurationList section */
		4860C9682A4FC461006F71EE /* Build configuration list for PBXProject "ARD Blue Test" */ = {
			isa = XCConfigurationList;
			buildConfigurations = (
				4860C97F2A4FC463006F71EE /* Debug */,
				4860C9802A4FC463006F71EE /* Release */,
			);
			defaultConfigurationIsVisible = 0;
			defaultConfigurationName = Release;
		};
		4860C9812A4FC463006F71EE /* Build configuration list for PBXNativeTarget "ARD Blue Test" */ = {
			isa = XCConfigurationList;
			buildConfigurations = (
				4860C9822A4FC463006F71EE /* Debug */,
				4860C9832A4FC463006F71EE /* Release */,
			);
			defaultConfigurationIsVisible = 0;
			defaultConfigurationName = Release;
		};
/* End XCConfigurationList section */
	};
	rootObject = 4860C9652A4FC461006F71EE /* Project object */;
}
